
Microsoft Visual Studio Solution File, Format Version 12.00
# Visual Studio Version 16
VisualStudioVersion = 16.0.32106.194
MinimumVisualStudioVersion = 10.0.40219.1
Project("{FAE04EC0-301F-11D3-BF4B-00C04F79EFBC}") = "WebApp", "WebApp\WebApp.csproj", "{1A60CE81-9975-48DD-8694-14FDCF92778E}"
EndProject
Global
	GlobalSection(SolutionConfigurationPlatforms) = preSolution
		Debug|Any CPU = Debug|Any CPU
		Release|Any CPU = Release|Any CPU
	EndGlobalSection
	GlobalSection(ProjectConfigurationPlatforms) = postSolution
		{1A60CE81-9975-48DD-8694-14FDCF92778E}.Debug|Any CPU.ActiveCfg = Debug|Any CPU
		{1A60CE81-9975-48DD-8694-14FDCF92778E}.Debug|Any CPU.Build.0 = Debug|Any CPU
		{1A60CE81-9975-48DD-8694-14FDCF92778E}.Release|Any CPU.ActiveCfg = Release|Any CPU
		{1A60CE81-9975-48DD-8694-14FDCF92778E}.Release|Any CPU.Build.0 = Release|Any CPU
	EndGlobalSection
	GlobalSection(SolutionProperties) = preSolution
		HideSolutionNode = FALSE
	EndGlobalSection
	GlobalSection(ExtensibilityGlobals) = postSolution
		SolutionGuid = {8956EA33-C7A6-4111-BE41-F70CF0E8F135}
	EndGlobalSection
EndGlobal
